{
  "name": "weiwei-server",
  "lockfileVersion": 3,
  "requires": true,
  "packages": {
    "": {
      "name": "weiwei-server",
      "dependencies": {
        "@hono/node-server": "^2.0.4",
        "hono": "^4.7.0"
      }
    },
    "node_modules/@hono/node-server": {
      "version": "2.0.4",
      "resolved": "https://registry.npmmirror.com/@hono/node-server/-/node-server-2.0.4.tgz",
      "integrity": "sha512-Ut3y0dMMPWy6bZ2kVfx25EOVbZlm15dhF4mOsezMlhpNHy+4MkU1qN9Y6lnruYi4wPmFzimGX2X7LF/FwHli4A==",
      "license": "MIT",
      "engines": {
        "node": ">=20"
      },
      "peerDependencies": {
        "hono": "^4"
      }
    },
    "node_modules/hono": {
      "version": "4.12.23",
      "resolved": "https://registry.npmmirror.com/hono/-/hono-4.12.23.tgz",
      "integrity": "sha512-eIaZ9qDgu7XV0pxOCrg7/WhnQ6Ivm22UcxhXx/A3dcbqbbYgBEkc6e/J/s7j2tS96zoB0S9VBdLwQNCWwUo4LA==",
      "license": "MIT",
      "engines": {
        "node": ">=16.9.0"
      }
    }
  }
}
